<?xml version="1.0" encoding="utf-8"?>
<Project ToolsVersion="4.0" xmlns="http://schemas.microsoft.com/developer/msbuild/2003">
  <ItemGroup>
    <Filter Include="headers">
      <UniqueIdentifier>{93995380-89BD-4b04-88EB-625FBE52EBFB}</UniqueIdentifier>
      <Extensions>h;hh;hpp;hxx;hm;inl;inc;ipp;xsd</Extensions>
    </Filter>
    <Filter Include="sources">
      <UniqueIdentifier>{4FC737F1-C7A5-4376-A066-2A32D752A2FF}</UniqueIdentifier>
      <Extensions>cpp;c;cc;cxx;def;odl;idl;hpj;bat;asm;asmx</Extensions>
    </Filter>
    <Filter Include="resources">
      <UniqueIdentifier>{67DA6AB6-F800-4c08-8B7A-83BB121AAD01}</UniqueIdentifier>
      <Extensions>rc;ico;cur;bmp;dlg;rc2;rct;bin;rgs;gif;jpg;jpeg;jpe;resx;tiff;tif;png;wav;mfcribbon-ms</Extensions>
    </Filter>
    <Filter Include="resources\images">
      <UniqueIdentifier>{4338af4c-c367-42e7-bed7-c86980a3039a}</UniqueIdentifier>
    </Filter>
    <Filter Include="resources\shaders">
      <UniqueIdentifier>{56f98da1-fadd-4503-8fa9-232240bce207}</UniqueIdentifier>
    </Filter>
    <Filter Include="headers\core">
      <UniqueIdentifier>{0272d7c5-4063-4360-8e68-acf33e13e9f5}</UniqueIdentifier>
    </Filter>
    <Filter Include="headers\imgui">
      <UniqueIdentifier>{0dc6292f-1bf5-4a9f-b639-618640c2410e}</UniqueIdentifier>
    </Filter>
    <Filter Include="sources\imgui">
      <UniqueIdentifier>{bcca37ad-5c6e-426c-9ccc-b4f2d1395954}</UniqueIdentifier>
    </Filter>
    <Filter Include="sources\core">
      <UniqueIdentifier>{4b97fe0b-abde-4001-b628-499a4d690926}</UniqueIdentifier>
    </Filter>
    <Filter Include="sources\glad">
      <UniqueIdentifier>{b2d9dfe7-5bb5-4cf0-8e70-35a586199748}</UniqueIdentifier>
    </Filter>
    <Filter Include="sources\test">
      <UniqueIdentifier>{f7a9e5ee-2fad-4521-9234-1cc19b4c46f4}</UniqueIdentifier>
    </Filter>
    <Filter Include="headers\glad">
      <UniqueIdentifier>{03c29cc9-903d-4c74-be90-547994f60e0f}</UniqueIdentifier>
    </Filter>
  </ItemGroup>
  <ItemGroup>
    <None Include="Shaders\PBRStandard.frag">
      <Filter>resources\shaders</Filter>
    </None>
    <None Include="Shaders\LegacyStandard.frag">
      <Filter>resources\shaders</Filter>
    </None>
    <None Include="Shaders\LegacySimple.frag">
      <Filter>resources\shaders</Filter>
    </None>
    <None Include="Shaders\PBRSimple.frag">
      <Filter>resources\shaders</Filter>
    </None>
    <None Include="Shaders\PBRSimple.vert">
      <Filter>resources\shaders</Filter>
    </None>
    <None Include="Shaders\Display.frag">
      <Filter>resources\shaders</Filter>
    </None>
    <None Include="Shaders\Display.vert">
      <Filter>resources\shaders</Filter>
    </None>
    <None Include="Shaders\PBRStandard.vert">
      <Filter>resources\shaders</Filter>
    </None>
    <None Include="Shaders\DirLightShadow.frag">
      <Filter>resources\shaders</Filter>
    </None>
    <None Include="Shaders\DirLightShadow.vert">
      <Filter>resources\shaders</Filter>
    </None>
    <None Include="Shaders\PBRLighting.frag">
      <Filter>resources\shaders</Filter>
    </None>
    <None Include="Shaders\PBRLighting.vert">
      <Filter>resources\shaders</Filter>
    </None>
    <None Include="Shaders\BrightCatch.frag">
      <Filter>resources\shaders</Filter>
    </None>
    <None Include="Shaders\BrightCatch.vert">
      <Filter>resources\shaders</Filter>
    </None>
    <None Include="Shaders\GaussianBlur.frag">
      <Filter>resources\shaders</Filter>
    </None>
    <None Include="Shaders\GaussianBlur.vert">
      <Filter>resources\shaders</Filter>
    </None>
    <None Include="Shaders\Bloom.frag">
      <Filter>resources\shaders</Filter>
    </None>
    <None Include="Shaders\Bloom.vert">
      <Filter>resources\shaders</Filter>
    </None>
    <None Include="Shaders\Skybox.frag">
      <Filter>resources\shaders</Filter>
    </None>
    <None Include="Shaders\Skybox.vert">
      <Filter>resources\shaders</Filter>
    </None>
    <None Include="Shaders\BRDF.frag">
      <Filter>resources\shaders</Filter>
    </None>
    <None Include="Shaders\BRDF.vert">
      <Filter>resources\shaders</Filter>
    </None>
    <None Include="Shaders\PrefilterBox.vert">
      <Filter>resources\shaders</Filter>
    </None>
    <None Include="Shaders\IrradianceBox.vert">
      <Filter>resources\shaders</Filter>
    </None>
    <None Include="Shaders\HdrBox.frag">
      <Filter>resources\shaders</Filter>
    </None>
    <None Include="Shaders\HdrBox.vert">
      <Filter>resources\shaders</Filter>
    </None>
    <None Include="Shaders\IrradianceBox.frag">
      <Filter>resources\shaders</Filter>
    </None>
    <None Include="Shaders\PrefilterBox.frag">
      <Filter>resources\shaders</Filter>
    </None>
    <None Include="FantasyX.licenseheader" />
  </ItemGroup>
  <ItemGroup>
    <ClCompile Include="Source\buffer.cpp">
      <Filter>sources</Filter>
    </ClCompile>
    <ClCompile Include="Source\clocker.cpp">
      <Filter>sources</Filter>
    </ClCompile>
    <ClCompile Include="Source\component.cpp">
      <Filter>sources</Filter>
    </ClCompile>
    <ClCompile Include="Source\componentsystem_test.cpp">
      <Filter>sources</Filter>
    </ClCompile>
    <ClCompile Include="Source\context.cpp">
      <Filter>sources</Filter>
    </ClCompile>
    <ClCompile Include="Source\demo.cpp">
      <Filter>sources</Filter>
    </ClCompile>
    <ClCompile Include="Source\gameobject.cpp">
      <Filter>sources</Filter>
    </ClCompile>
    <ClCompile Include="Source\gameobject_test.cpp">
      <Filter>sources</Filter>
    </ClCompile>
    <ClCompile Include="Source\glad.c">
      <Filter>sources</Filter>
    </ClCompile>
    <ClCompile Include="Source\imgui.cpp">
      <Filter>sources</Filter>
    </ClCompile>
    <ClCompile Include="Source\imgui_demo.cpp">
      <Filter>sources</Filter>
    </ClCompile>
    <ClCompile Include="Source\imgui_draw.cpp">
      <Filter>sources</Filter>
    </ClCompile>
    <ClCompile Include="Source\imgui_impl_glfw.cpp">
      <Filter>sources</Filter>
    </ClCompile>
    <ClCompile Include="Source\imgui_impl_opengl3.cpp">
      <Filter>sources</Filter>
    </ClCompile>
    <ClCompile Include="Source\imgui_widgets.cpp">
      <Filter>sources</Filter>
    </ClCompile>
    <ClCompile Include="Source\loadcheck_test.cpp">
      <Filter>sources</Filter>
    </ClCompile>
    <ClCompile Include="Source\loadmodel_test.cpp">
      <Filter>sources</Filter>
    </ClCompile>
    <ClCompile Include="Source\material.cpp">
      <Filter>sources</Filter>
    </ClCompile>
    <ClCompile Include="Source\mesh.cpp">
      <Filter>sources</Filter>
    </ClCompile>
    <ClCompile Include="Source\renderer.cpp">
      <Filter>sources</Filter>
    </ClCompile>
    <ClCompile Include="Source\renderer_test.cpp">
      <Filter>sources</Filter>
    </ClCompile>
    <ClCompile Include="Source\resource_manager.cpp">
      <Filter>sources</Filter>
    </ClCompile>
    <ClCompile Include="Source\scene.cpp">
      <Filter>sources</Filter>
    </ClCompile>
    <ClCompile Include="Source\scene_test.cpp">
      <Filter>sources</Filter>
    </ClCompile>
    <ClCompile Include="Source\shader.cpp">
      <Filter>sources</Filter>
    </ClCompile>
  </ItemGroup>
  <ItemGroup>
    <ClInclude Include="Include\bitree.h">
      <Filter>headers</Filter>
    </ClInclude>
    <ClInclude Include="Include\buffer.h">
      <Filter>headers</Filter>
    </ClInclude>
    <ClInclude Include="Include\clocker.h">
      <Filter>headers</Filter>
    </ClInclude>
    <ClInclude Include="Include\component.h">
      <Filter>headers</Filter>
    </ClInclude>
    <ClInclude Include="Include\context.h">
      <Filter>headers</Filter>
    </ClInclude>
    <ClInclude Include="Include\gameobject.h">
      <Filter>headers</Filter>
    </ClInclude>
    <ClInclude Include="Include\imconfig.h">
      <Filter>headers</Filter>
    </ClInclude>
    <ClInclude Include="Include\imgui.h">
      <Filter>headers</Filter>
    </ClInclude>
    <ClInclude Include="Include\imgui_impl_glfw.h">
      <Filter>headers</Filter>
    </ClInclude>
    <ClInclude Include="Include\imgui_impl_opengl3.h">
      <Filter>headers</Filter>
    </ClInclude>
    <ClInclude Include="Include\imgui_internal.h">
      <Filter>headers</Filter>
    </ClInclude>
    <ClInclude Include="Include\imstb_rectpack.h">
      <Filter>headers</Filter>
    </ClInclude>
    <ClInclude Include="Include\imstb_textedit.h">
      <Filter>headers</Filter>
    </ClInclude>
    <ClInclude Include="Include\imstb_truetype.h">
      <Filter>headers</Filter>
    </ClInclude>
    <ClInclude Include="Include\material.h">
      <Filter>headers</Filter>
    </ClInclude>
    <ClInclude Include="Include\mesh.h">
      <Filter>headers</Filter>
    </ClInclude>
    <ClInclude Include="Include\renderer.h">
      <Filter>headers</Filter>
    </ClInclude>
    <ClInclude Include="Include\resource_manager.h">
      <Filter>headers</Filter>
    </ClInclude>
    <ClInclude Include="Include\scene.h">
      <Filter>headers</Filter>
    </ClInclude>
    <ClInclude Include="Include\shader.h">
      <Filter>headers</Filter>
    </ClInclude>
    <ClInclude Include="Include\texture.h">
      <Filter>headers</Filter>
    </ClInclude>
    <ClInclude Include="Include\types.h">
      <Filter>headers</Filter>
    </ClInclude>
  </ItemGroup>
</Project>