<?xml version="1.0" encoding="utf-8"?>
<Project ToolsVersion="4.0" xmlns="http://schemas.microsoft.com/developer/msbuild/2003">
  <ItemGroup>
    <Filter Include="headers">
      <UniqueIdentifier>{93995380-89BD-4b04-88EB-625FBE52EBFB}</UniqueIdentifier>
      <Extensions>h;hh;hpp;hxx;hm;inl;inc;ipp;xsd</Extensions>
    </Filter>
    <Filter Include="sources">
      <UniqueIdentifier>{4FC737F1-C7A5-4376-A066-2A32D752A2FF}</UniqueIdentifier>
      <Extensions>cpp;c;cc;cxx;def;odl;idl;hpj;bat;asm;asmx</Extensions>
    </Filter>
    <Filter Include="resources">
      <UniqueIdentifier>{67DA6AB6-F800-4c08-8B7A-83BB121AAD01}</UniqueIdentifier>
      <Extensions>rc;ico;cur;bmp;dlg;rc2;rct;bin;rgs;gif;jpg;jpeg;jpe;resx;tiff;tif;png;wav;mfcribbon-ms</Extensions>
    </Filter>
    <Filter Include="resources\images">
      <UniqueIdentifier>{4338af4c-c367-42e7-bed7-c86980a3039a}</UniqueIdentifier>
    </Filter>
    <Filter Include="resources\shaders">
      <UniqueIdentifier>{56f98da1-fadd-4503-8fa9-232240bce207}</UniqueIdentifier>
    </Filter>
    <Filter Include="headers\core">
      <UniqueIdentifier>{0272d7c5-4063-4360-8e68-acf33e13e9f5}</UniqueIdentifier>
    </Filter>
    <Filter Include="headers\imgui">
      <UniqueIdentifier>{0dc6292f-1bf5-4a9f-b639-618640c2410e}</UniqueIdentifier>
    </Filter>
    <Filter Include="sources\imgui">
      <UniqueIdentifier>{bcca37ad-5c6e-426c-9ccc-b4f2d1395954}</UniqueIdentifier>
    </Filter>
    <Filter Include="sources\core">
      <UniqueIdentifier>{4b97fe0b-abde-4001-b628-499a4d690926}</UniqueIdentifier>
    </Filter>
    <Filter Include="sources\glad">
      <UniqueIdentifier>{b2d9dfe7-5bb5-4cf0-8e70-35a586199748}</UniqueIdentifier>
    </Filter>
    <Filter Include="sources\test">
      <UniqueIdentifier>{f7a9e5ee-2fad-4521-9234-1cc19b4c46f4}</UniqueIdentifier>
    </Filter>
  </ItemGroup>
  <ItemGroup>
    <None Include="Shaders\PBRStandard.frag">
      <Filter>resources\shaders</Filter>
    </None>
    <None Include="Shaders\LegacyStandard.frag">
      <Filter>resources\shaders</Filter>
    </None>
    <None Include="Shaders\LegacySimple.frag">
      <Filter>resources\shaders</Filter>
    </None>
    <None Include="Shaders\PBRSimple.frag">
      <Filter>resources\shaders</Filter>
    </None>
    <None Include="Shaders\PBRSimple.vert">
      <Filter>resources\shaders</Filter>
    </None>
    <None Include="Shaders\Display.frag">
      <Filter>resources\shaders</Filter>
    </None>
    <None Include="Shaders\Display.vert">
      <Filter>resources\shaders</Filter>
    </None>
    <None Include="Shaders\PBRStandard.vert">
      <Filter>resources\shaders</Filter>
    </None>
    <None Include="Shaders\DirLightShadow.frag">
      <Filter>resources\shaders</Filter>
    </None>
    <None Include="Shaders\DirLightShadow.vert">
      <Filter>resources\shaders</Filter>
    </None>
    <None Include="Shaders\PBRLighting.frag">
      <Filter>resources\shaders</Filter>
    </None>
    <None Include="Shaders\PBRLighting.vert">
      <Filter>resources\shaders</Filter>
    </None>
    <None Include="Shaders\BrightCatch.frag">
      <Filter>resources\shaders</Filter>
    </None>
    <None Include="Shaders\BrightCatch.vert">
      <Filter>resources\shaders</Filter>
    </None>
    <None Include="Shaders\GaussianBlur.frag">
      <Filter>resources\shaders</Filter>
    </None>
    <None Include="Shaders\GaussianBlur.vert">
      <Filter>resources\shaders</Filter>
    </None>
    <None Include="Shaders\Bloom.frag">
      <Filter>resources\shaders</Filter>
    </None>
    <None Include="Shaders\Bloom.vert">
      <Filter>resources\shaders</Filter>
    </None>
    <None Include="Shaders\Skybox.frag">
      <Filter>resources\shaders</Filter>
    </None>
    <None Include="Shaders\Skybox.vert">
      <Filter>resources\shaders</Filter>
    </None>
    <None Include="Shaders\BRDF.frag">
      <Filter>resources\shaders</Filter>
    </None>
    <None Include="Shaders\BRDF.vert">
      <Filter>resources\shaders</Filter>
    </None>
    <None Include="Shaders\PrefilterBox.vert">
      <Filter>resources\shaders</Filter>
    </None>
    <None Include="Shaders\IrradianceBox.vert">
      <Filter>resources\shaders</Filter>
    </None>
    <None Include="Shaders\HdrBox.frag">
      <Filter>resources\shaders</Filter>
    </None>
    <None Include="Shaders\HdrBox.vert">
      <Filter>resources\shaders</Filter>
    </None>
    <None Include="Shaders\IrradianceBox.frag">
      <Filter>resources\shaders</Filter>
    </None>
    <None Include="Shaders\PrefilterBox.frag">
      <Filter>resources\shaders</Filter>
    </None>
  </ItemGroup>
  <ItemGroup>
    <ClInclude Include="scene.h">
      <Filter>headers\core</Filter>
    </ClInclude>
    <ClInclude Include="types.h">
      <Filter>headers\core</Filter>
    </ClInclude>
    <ClInclude Include="component.h">
      <Filter>headers\core</Filter>
    </ClInclude>
    <ClInclude Include="imgui.h">
      <Filter>headers\imgui</Filter>
    </ClInclude>
    <ClInclude Include="imgui_impl_glfw.h">
      <Filter>headers\imgui</Filter>
    </ClInclude>
    <ClInclude Include="imgui_impl_opengl3.h">
      <Filter>headers\imgui</Filter>
    </ClInclude>
    <ClInclude Include="imgui_internal.h">
      <Filter>headers\imgui</Filter>
    </ClInclude>
    <ClInclude Include="imstb_rectpack.h">
      <Filter>headers\imgui</Filter>
    </ClInclude>
    <ClInclude Include="imstb_textedit.h">
      <Filter>headers\imgui</Filter>
    </ClInclude>
    <ClInclude Include="imstb_truetype.h">
      <Filter>headers\imgui</Filter>
    </ClInclude>
    <ClInclude Include="imconfig.h">
      <Filter>headers\imgui</Filter>
    </ClInclude>
    <ClInclude Include="renderer.h">
      <Filter>headers\core</Filter>
    </ClInclude>
    <ClInclude Include="gameobject.h">
      <Filter>headers\core</Filter>
    </ClInclude>
    <ClInclude Include="mesh.h">
      <Filter>headers\core</Filter>
    </ClInclude>
    <ClInclude Include="texture.h">
      <Filter>headers\core</Filter>
    </ClInclude>
    <ClInclude Include="material.h">
      <Filter>headers\core</Filter>
    </ClInclude>
    <ClInclude Include="shader.h">
      <Filter>headers\core</Filter>
    </ClInclude>
    <ClInclude Include="bitree.h">
      <Filter>headers\core</Filter>
    </ClInclude>
    <ClInclude Include="resource_manager.h">
      <Filter>headers\core</Filter>
    </ClInclude>
    <ClInclude Include="clocker.h">
      <Filter>headers\core</Filter>
    </ClInclude>
    <ClInclude Include="buffer.h">
      <Filter>headers\core</Filter>
    </ClInclude>
    <ClInclude Include="context.h">
      <Filter>headers\core</Filter>
    </ClInclude>
  </ItemGroup>
  <ItemGroup>
    <ClCompile Include="imgui.cpp">
      <Filter>sources\imgui</Filter>
    </ClCompile>
    <ClCompile Include="imgui_demo.cpp">
      <Filter>sources\imgui</Filter>
    </ClCompile>
    <ClCompile Include="imgui_draw.cpp">
      <Filter>sources\imgui</Filter>
    </ClCompile>
    <ClCompile Include="imgui_impl_glfw.cpp">
      <Filter>sources\imgui</Filter>
    </ClCompile>
    <ClCompile Include="imgui_impl_opengl3.cpp">
      <Filter>sources\imgui</Filter>
    </ClCompile>
    <ClCompile Include="imgui_widgets.cpp">
      <Filter>sources\imgui</Filter>
    </ClCompile>
    <ClCompile Include="scene.cpp">
      <Filter>sources\core</Filter>
    </ClCompile>
    <ClCompile Include="glad.c">
      <Filter>sources\glad</Filter>
    </ClCompile>
    <ClCompile Include="mesh.cpp">
      <Filter>sources\core</Filter>
    </ClCompile>
    <ClCompile Include="material.cpp">
      <Filter>sources\core</Filter>
    </ClCompile>
    <ClCompile Include="shader.cpp">
      <Filter>sources\core</Filter>
    </ClCompile>
    <ClCompile Include="component.cpp">
      <Filter>sources\core</Filter>
    </ClCompile>
    <ClCompile Include="gameobject.cpp">
      <Filter>sources\core</Filter>
    </ClCompile>
    <ClCompile Include="gameobject_test.cpp">
      <Filter>sources\test</Filter>
    </ClCompile>
    <ClCompile Include="componentsystem_test.cpp">
      <Filter>sources\test</Filter>
    </ClCompile>
    <ClCompile Include="resource_manager.cpp">
      <Filter>sources\core</Filter>
    </ClCompile>
    <ClCompile Include="loadmodel_test.cpp">
      <Filter>sources\test</Filter>
    </ClCompile>
    <ClCompile Include="scene_test.cpp">
      <Filter>sources\test</Filter>
    </ClCompile>
    <ClCompile Include="clocker.cpp">
      <Filter>sources\core</Filter>
    </ClCompile>
    <ClCompile Include="buffer.cpp">
      <Filter>sources\core</Filter>
    </ClCompile>
    <ClCompile Include="renderer.cpp">
      <Filter>sources\core</Filter>
    </ClCompile>
    <ClCompile Include="demo.cpp">
      <Filter>sources\test</Filter>
    </ClCompile>
    <ClCompile Include="context.cpp">
      <Filter>sources\core</Filter>
    </ClCompile>
    <ClCompile Include="renderer_test.cpp">
      <Filter>sources\test</Filter>
    </ClCompile>
    <ClCompile Include="loadcheck_test.cpp">
      <Filter>sources\test</Filter>
    </ClCompile>
  </ItemGroup>
</Project>